
Microsoft Visual Studio Solution File, Format Version 12.00
# Visual Studio Version 16
VisualStudioVersion = 16.0.29827.131
MinimumVisualStudioVersion = 10.0.40219.1
Project("{9A19103F-16F7-4668-BE54-9A1E7A4F7556}") = "azdo-api-net-client-issue", "azdo-api-net-client-issue\azdo-api-net-client-issue.csproj", "{D58FE3ED-52DB-44E9-999A-72A6CD5B56D3}"
EndProject
Global
	GlobalSection(SolutionConfigurationPlatforms) = preSolution
		Debug|Any CPU = Debug|Any CPU
		Release|Any CPU = Release|Any CPU
	EndGlobalSection
	GlobalSection(ProjectConfigurationPlatforms) = postSolution
		{D58FE3ED-52DB-44E9-999A-72A6CD5B56D3}.Debug|Any CPU.ActiveCfg = Debug|Any CPU
		{D58FE3ED-52DB-44E9-999A-72A6CD5B56D3}.Debug|Any CPU.Build.0 = Debug|Any CPU
		{D58FE3ED-52DB-44E9-999A-72A6CD5B56D3}.Release|Any CPU.ActiveCfg = Release|Any CPU
		{D58FE3ED-52DB-44E9-999A-72A6CD5B56D3}.Release|Any CPU.Build.0 = Release|Any CPU
	EndGlobalSection
	GlobalSection(SolutionProperties) = preSolution
		HideSolutionNode = FALSE
	EndGlobalSection
	GlobalSection(ExtensibilityGlobals) = postSolution
		SolutionGuid = {430C16B5-A57F-4397-A1DE-969CAAA0EB8D}
	EndGlobalSection
EndGlobal
